{
  "version": 4,
  "terraform_version": "1.5.7",
  "serial": 16,
  "lineage": "449229c8-9a39-cfda-a24a-f8b05e1a911f",
  "outputs": {
    "rg_id": {
      "value": "/subscriptions/e0b47bea-67c1-44d3-a3ae-a494d59ab222/resourceGroups/saurabh-rg-1",
      "type": "string"
    },
    "rg_location": {
      "value": "westeurope",
      "type": "string"
    },
    "secret_data": {
      "value": "{\"client_id\":\"b6132866-56ea-4f9f-91f5-16af746ac288\",\"environment\":\"\",\"root_password_ttl\":15768000,\"subscription_id\":\"e0b47bea-67c1-44d3-a3ae-a494d59ab222\",\"tenant_id\":\"fa1e26bd-a406-4570-a09c-e0f3083223c6\"}",
      "type": "string",
      "sensitive": true
    }
  },
  "resources": [
    {
      "mode": "data",
      "type": "vault_generic_secret",
      "name": "secrets",
      "provider": "provider[\"registry.terraform.io/hashicorp/vault\"]",
      "instances": [
        {
          "schema_version": 0,
          "attributes": {
            "data": {
              "client_id": "b6132866-56ea-4f9f-91f5-16af746ac288",
              "environment": "",
              "root_password_ttl": "15768000",
              "subscription_id": "e0b47bea-67c1-44d3-a3ae-a494d59ab222",
              "tenant_id": "fa1e26bd-a406-4570-a09c-e0f3083223c6"
            },
            "data_json": "{\"client_id\":\"b6132866-56ea-4f9f-91f5-16af746ac288\",\"environment\":\"\",\"root_password_ttl\":15768000,\"subscription_id\":\"e0b47bea-67c1-44d3-a3ae-a494d59ab222\",\"tenant_id\":\"fa1e26bd-a406-4570-a09c-e0f3083223c6\"}",
            "id": "azure/config",
            "lease_duration": 0,
            "lease_id": "",
            "lease_renewable": false,
            "lease_start_time": "2023-09-14T13:09:32Z",
            "namespace": null,
            "path": "azure/config",
            "version": -1,
            "with_lease_start_time": true
          },
          "sensitive_attributes": []
        }
      ]
    },
    {
      "mode": "managed",
      "type": "azurerm_resource_group",
      "name": "myRg",
      "provider": "provider[\"registry.terraform.io/hashicorp/azurerm\"]",
      "instances": [
        {
          "schema_version": 0,
          "attributes": {
            "id": "/subscriptions/e0b47bea-67c1-44d3-a3ae-a494d59ab222/resourceGroups/saurabh-rg-1",
            "location": "westeurope",
            "managed_by": "",
            "name": "saurabh-rg-1",
            "tags": {
              "env": "test"
            },
            "timeouts": null
          },
          "sensitive_attributes": [],
          "private": "eyJlMmJmYjczMC1lY2FhLTExZTYtOGY4OC0zNDM2M2JjN2M0YzAiOnsiY3JlYXRlIjo1NDAwMDAwMDAwMDAwLCJkZWxldGUiOjU0MDAwMDAwMDAwMDAsInJlYWQiOjMwMDAwMDAwMDAwMCwidXBkYXRlIjo1NDAwMDAwMDAwMDAwfX0=",
          "dependencies": [
            "data.vault_generic_secret.secrets"
          ]
        }
      ]
    },
    {
      "mode": "managed",
      "type": "azurerm_resource_group",
      "name": "myRg-count",
      "provider": "provider[\"registry.terraform.io/hashicorp/azurerm\"]",
      "instances": [
        {
          "index_key": 0,
          "schema_version": 0,
          "attributes": {
            "id": "/subscriptions/e0b47bea-67c1-44d3-a3ae-a494d59ab222/resourceGroups/my_rg_21",
            "location": "westeurope",
            "managed_by": "",
            "name": "my_rg_21",
            "tags": {
              "env": "test"
            },
            "timeouts": null
          },
          "sensitive_attributes": [],
          "private": "eyJlMmJmYjczMC1lY2FhLTExZTYtOGY4OC0zNDM2M2JjN2M0YzAiOnsiY3JlYXRlIjo1NDAwMDAwMDAwMDAwLCJkZWxldGUiOjU0MDAwMDAwMDAwMDAsInJlYWQiOjMwMDAwMDAwMDAwMCwidXBkYXRlIjo1NDAwMDAwMDAwMDAwfX0=",
          "dependencies": [
            "data.vault_generic_secret.secrets"
          ]
        },
        {
          "index_key": 1,
          "schema_version": 0,
          "attributes": {
            "id": "/subscriptions/e0b47bea-67c1-44d3-a3ae-a494d59ab222/resourceGroups/my_rg_31",
            "location": "westeurope",
            "managed_by": "",
            "name": "my_rg_31",
            "tags": {
              "env": "test"
            },
            "timeouts": null
          },
          "sensitive_attributes": [],
          "private": "eyJlMmJmYjczMC1lY2FhLTExZTYtOGY4OC0zNDM2M2JjN2M0YzAiOnsiY3JlYXRlIjo1NDAwMDAwMDAwMDAwLCJkZWxldGUiOjU0MDAwMDAwMDAwMDAsInJlYWQiOjMwMDAwMDAwMDAwMCwidXBkYXRlIjo1NDAwMDAwMDAwMDAwfX0=",
          "dependencies": [
            "data.vault_generic_secret.secrets"
          ]
        }
      ]
    },
    {
      "mode": "managed",
      "type": "azurerm_resource_group",
      "name": "myRg-for-each",
      "provider": "provider[\"registry.terraform.io/hashicorp/azurerm\"]",
      "instances": [
        {
          "index_key": "my_rg_21",
          "schema_version": 0,
          "attributes": {
            "id": "/subscriptions/e0b47bea-67c1-44d3-a3ae-a494d59ab222/resourceGroups/for-each-my_rg_21",
            "location": "westeurope",
            "managed_by": "",
            "name": "for-each-my_rg_21",
            "tags": {
              "env": "test"
            },
            "timeouts": null
          },
          "sensitive_attributes": [],
          "private": "eyJlMmJmYjczMC1lY2FhLTExZTYtOGY4OC0zNDM2M2JjN2M0YzAiOnsiY3JlYXRlIjo1NDAwMDAwMDAwMDAwLCJkZWxldGUiOjU0MDAwMDAwMDAwMDAsInJlYWQiOjMwMDAwMDAwMDAwMCwidXBkYXRlIjo1NDAwMDAwMDAwMDAwfX0=",
          "dependencies": [
            "data.vault_generic_secret.secrets"
          ]
        },
        {
          "index_key": "my_rg_31",
          "schema_version": 0,
          "attributes": {
            "id": "/subscriptions/e0b47bea-67c1-44d3-a3ae-a494d59ab222/resourceGroups/for-each-my_rg_31",
            "location": "westeurope",
            "managed_by": "",
            "name": "for-each-my_rg_31",
            "tags": {
              "env": "test"
            },
            "timeouts": null
          },
          "sensitive_attributes": [],
          "private": "eyJlMmJmYjczMC1lY2FhLTExZTYtOGY4OC0zNDM2M2JjN2M0YzAiOnsiY3JlYXRlIjo1NDAwMDAwMDAwMDAwLCJkZWxldGUiOjU0MDAwMDAwMDAwMDAsInJlYWQiOjMwMDAwMDAwMDAwMCwidXBkYXRlIjo1NDAwMDAwMDAwMDAwfX0=",
          "dependencies": [
            "data.vault_generic_secret.secrets"
          ]
        }
      ]
    }
  ],
  "check_results": null
}
